# This file was autogenerated by Stack.
# You should not edit this file by hand.
# For more information, please see the documentation at:
#   https://docs.haskellstack.org/en/stable/lock_files

packages:
- completed:
    hackage: number-length-0.2.1.0@sha256:cf2c851ab375e2b151973d1525833bb4318b959369301fc79764d3c7c755d3a6,5912
    pantry-tree:
      size: 1256
      sha256: b971d6cd6fa41c5136cb4c9e52d62ee2d27dcc97ff1dd660a6cdb9c23e93e7ba
  original:
    hackage: number-length-0.2.1.0
- completed:
    hackage: integer-gmp-1.0.3.0@sha256:514e81647473ce380cf1814821664c0dcedc2801ad8dbf41b19a10f916e1cc75,2138
    pantry-tree:
      size: 1109
      sha256: 5b3253cddae6067147ee898921258b5b3ffec16f280e86ffb872f129556f6f12
  original:
    hackage: integer-gmp-1.0.3.0
- completed:
    hackage: parallel-3.2.2.0@sha256:c69372af9a39a06739e1d0eaa1f2d8be6b86493a53dbbc455e7b30479c491c6a,1763
    pantry-tree:
      size: 392
      sha256: 0b408143e18070406acc2acb528fc4b695f04161e0beb490351d50d92a841fe3
  original:
    hackage: parallel-3.2.2.0
- completed:
    hackage: hspec-core-2.7.4@sha256:d37eab1d356deef00063575796bcf6029207bfaa27ec984f13222ef0862d8f5b,4537
    pantry-tree:
      size: 3748
      sha256: 4a8904e018794b1ff735ed54d413402225f0794f746b1b3aef368c63890feecc
  original:
    hackage: hspec-core-2.7.4
- completed:
    hackage: lens-datetime-0.3@sha256:95891b96bb3faa2f2964da1744c23922af074434c72eacd468ed3d17bead07be,1987
    pantry-tree:
      size: 365
      sha256: 79e77eea174eb45c547fd9239bc41e4d46b5e7750600a809a615e86ed094ab20
  original:
    hackage: lens-datetime-0.3
- completed:
    hackage: time-1.9.3@sha256:8f1b5448722a12a952248b356c9eb366e351226543d9086a2da71270522d5f45,5679
    pantry-tree:
      size: 6558
      sha256: a1043c1719491764f0fa37a1fd70d9451080548a41632fee88d8e1b8db4942d6
  original:
    hackage: time-1.9.3
- completed:
    hackage: ghc-typelits-extra-0.4.1@sha256:ea3f504e032b8e4fa4d5ae1099fce7eeedb49315b20bf2ccd01f6f2ee668cf4d,4815
    pantry-tree:
      size: 682
      sha256: 8e5d285c572712051eb080b4e067af9a8300be1b0c988404e9fa341c2fa68c84
  original:
    hackage: ghc-typelits-extra-0.4.1@sha256:ea3f504e032b8e4fa4d5ae1099fce7eeedb49315b20bf2ccd01f6f2ee668cf4d,4815
- completed:
    hackage: integer-logarithms-1.0.3.1@sha256:888fb6c4fbd79ed2e8f8b94b61bccac25f7fab2b13b32b496e86828bc60b17cf,3184
    pantry-tree:
      size: 865
      sha256: 2acf4af718486ea69edd023edd333f836fdd52a07e2211677b5bf22d78da41db
  original:
    hackage: integer-logarithms-1.0.3.1@sha256:888fb6c4fbd79ed2e8f8b94b61bccac25f7fab2b13b32b496e86828bc60b17cf,3184
snapshots:
- completed:
    size: 521085
    url: https://raw.githubusercontent.com/commercialhaskell/stackage-snapshots/master/nightly/2020/8/16.yaml
    sha256: 5fcd1cb4052971dd7648622a7b881c30d6b98adc17d67e2b97e1c98b9fadd0d2
  original: nightly-2020-08-16
